
Microsoft Visual Studio Solution File, Format Version 12.00
# Visual Studio Version 17
VisualStudioVersion = 17.5.002.0
MinimumVisualStudioVersion = 10.0.40219.1
Project("{2150E333-8FDC-42A3-9474-1A3956D46DE8}") = "01-getting-started", "01-getting-started", "{69D38397-F063-4EAA-92A4-91259CE72C8A}"
EndProject
Project("{2150E333-8FDC-42A3-9474-1A3956D46DE8}") = "C-Sharp", "C-Sharp", "{4B41A842-8DC4-4F52-98B4-6240CBEC9500}"
EndProject
Project("{9A19103F-16F7-4668-BE54-9A1E7A4F7556}") = "rest_client", "01-getting-started\C-Sharp\rest-client\rest_client.csproj", "{0F49A31F-D931-41FB-AD5F-4DD2A3ED0F5E}"
EndProject
Project("{9A19103F-16F7-4668-BE54-9A1E7A4F7556}") = "sdk-client", "01-getting-started\C-Sharp\sdk-client\sdk-client.csproj", "{BDC7CA21-3252-4723-8398-25D1245548CF}"
EndProject
Project("{2150E333-8FDC-42A3-9474-1A3956D46DE8}") = "02-cognitive-security", "02-cognitive-security", "{2D57486F-E5FA-48BF-A028-313E5B07EC7D}"
EndProject
Project("{2150E333-8FDC-42A3-9474-1A3956D46DE8}") = "C-Sharp", "C-Sharp", "{98C0C44F-D575-4888-82D4-A705F1757D36}"
EndProject
Project("{9A19103F-16F7-4668-BE54-9A1E7A4F7556}") = "keyvault_client", "02-cognitive-security\C-Sharp\keyvault_client\keyvault_client.csproj", "{BA27BF7E-ACD5-4EB7-A76D-78CD2E1D253B}"
EndProject
Project("{2150E333-8FDC-42A3-9474-1A3956D46DE8}") = "05-analyze-text", "05-analyze-text", "{D42D691C-689F-4F28-8F92-32A99DD77AC7}"
EndProject
Project("{2150E333-8FDC-42A3-9474-1A3956D46DE8}") = "C-Sharp", "C-Sharp", "{282CDE6B-BC55-483F-81C6-4A11B326D04F}"
EndProject
Project("{9A19103F-16F7-4668-BE54-9A1E7A4F7556}") = "text-analysis", "05-analyze-text\C-Sharp\text-analysis\text-analysis.csproj", "{175616FD-EDDB-4218-8851-9DF81D4F36C4}"
EndProject
Project("{2150E333-8FDC-42A3-9474-1A3956D46DE8}") = "06-translate-text", "06-translate-text", "{E7A245E8-5790-4C52-992F-814698A49826}"
EndProject
Project("{2150E333-8FDC-42A3-9474-1A3956D46DE8}") = "C-Sharp", "C-Sharp", "{917AFC98-A318-4A89-A3C1-C4FA1CAC7F68}"
EndProject
Project("{9A19103F-16F7-4668-BE54-9A1E7A4F7556}") = "translate_text", "06-translate-text\C-Sharp\text-translation\translate_text.csproj", "{BAB3E506-2290-407B-82AA-CB44EDA37A70}"
EndProject
Project("{2150E333-8FDC-42A3-9474-1A3956D46DE8}") = "07-speech", "07-speech", "{B14B729B-1887-4E74-BB8C-2CD35F2D578F}"
EndProject
Project("{2150E333-8FDC-42A3-9474-1A3956D46DE8}") = "C-Sharp", "C-Sharp", "{ACE8A2F3-9403-4748-94C1-468616C49DAD}"
EndProject
Project("{9A19103F-16F7-4668-BE54-9A1E7A4F7556}") = "speaking-clock", "07-speech\C-Sharp\speaking-clock\speaking-clock.csproj", "{4283D763-3133-44E4-8A0C-9B033BE1DF84}"
EndProject
Project("{2150E333-8FDC-42A3-9474-1A3956D46DE8}") = "08-speech-translation", "08-speech-translation", "{536438BC-7A8C-4993-A6B6-0C406CE95942}"
EndProject
Project("{2150E333-8FDC-42A3-9474-1A3956D46DE8}") = "C-Sharp", "C-Sharp", "{1BDE7CF5-0361-46DD-9DC4-E482AA4A7D0E}"
EndProject
Project("{9A19103F-16F7-4668-BE54-9A1E7A4F7556}") = "translator", "08-speech-translation\C-Sharp\translator\translator.csproj", "{B0A4B3CD-2893-49C9-89E3-6C34F9A297A1}"
EndProject
Project("{2150E333-8FDC-42A3-9474-1A3956D46DE8}") = "10b-clu-client-(preview)", "10b-clu-client-(preview)", "{4BADF09C-1572-4808-BF25-6B466EB6AE9D}"
EndProject
Project("{2150E333-8FDC-42A3-9474-1A3956D46DE8}") = "C-Sharp", "C-Sharp", "{51FC7AD1-C907-48EA-9233-7CEDAFF406D8}"
EndProject
Project("{9A19103F-16F7-4668-BE54-9A1E7A4F7556}") = "clock_client", "10b-clu-client-(preview)\C-Sharp\clock-client\clock_client.csproj", "{1819500E-DD52-4E02-8065-C38B557F95F9}"
EndProject
Project("{2150E333-8FDC-42A3-9474-1A3956D46DE8}") = "11-luis-speech", "11-luis-speech", "{9BD3D991-ABFE-4A5F-BFFB-A92ED97747D8}"
EndProject
Project("{2150E333-8FDC-42A3-9474-1A3956D46DE8}") = "C-Sharp", "C-Sharp", "{0E7B7E28-D285-40BD-AE86-B87DC5CEA92A}"
EndProject
Project("{9A19103F-16F7-4668-BE54-9A1E7A4F7556}") = "speaking_clock_client", "11-luis-speech\C-Sharp\speaking-clock-client\speaking_clock_client.csproj", "{79A0AB0B-FF0F-4685-BB71-B0A05DE4F9B2}"
EndProject
Project("{2150E333-8FDC-42A3-9474-1A3956D46DE8}") = "15-computer-vision", "15-computer-vision", "{8A5B2D85-6BF8-4066-9711-DBBA63D5C5F5}"
EndProject
Project("{2150E333-8FDC-42A3-9474-1A3956D46DE8}") = "C-Sharp", "C-Sharp", "{4634D1AE-3FE6-453C-9F8A-540A766FCDC9}"
EndProject
Project("{9A19103F-16F7-4668-BE54-9A1E7A4F7556}") = "image-analysis", "15-computer-vision\C-Sharp\image-analysis\image-analysis.csproj", "{2C2D3412-98CF-426C-A4B2-14BE35EE9399}"
EndProject
Project("{2150E333-8FDC-42A3-9474-1A3956D46DE8}") = "17-image-classification", "17-image-classification", "{FB1CF217-070B-4053-866A-538B6516A572}"
EndProject
Project("{2150E333-8FDC-42A3-9474-1A3956D46DE8}") = "C-Sharp", "C-Sharp", "{82AECD4A-C363-4EEB-B5A6-F52F14DB6BA2}"
EndProject
Project("{9A19103F-16F7-4668-BE54-9A1E7A4F7556}") = "test-classifier", "17-image-classification\C-Sharp\test-classifier\test-classifier.csproj", "{E173E1A3-9145-4946-8AF5-A22D9C453A0D}"
EndProject
Project("{9A19103F-16F7-4668-BE54-9A1E7A4F7556}") = "train-classifier", "17-image-classification\C-Sharp\train-classifier\train-classifier.csproj", "{3A518B1F-D231-4159-80CB-F99845D31D4A}"
EndProject
Project("{2150E333-8FDC-42A3-9474-1A3956D46DE8}") = "18-object-detection", "18-object-detection", "{FCC88711-314F-4368-867F-9D5001E059B5}"
EndProject
Project("{2150E333-8FDC-42A3-9474-1A3956D46DE8}") = "C-Sharp", "C-Sharp", "{F88CC610-8332-4336-B1BC-C3FF0E20C198}"
EndProject
Project("{9A19103F-16F7-4668-BE54-9A1E7A4F7556}") = "test-detector", "18-object-detection\C-Sharp\test-detector\test-detector.csproj", "{E829E531-968F-4EE9-8C30-E1D96A74BBA6}"
EndProject
Project("{9A19103F-16F7-4668-BE54-9A1E7A4F7556}") = "train-detector", "18-object-detection\C-Sharp\train-detector\train-detector.csproj", "{ECAE71EE-4DAB-4182-9EE2-42A58A800403}"
EndProject
Project("{2150E333-8FDC-42A3-9474-1A3956D46DE8}") = "19-face", "19-face", "{1A689982-44DC-4CBE-861D-01E3DE08B20E}"
EndProject
Project("{2150E333-8FDC-42A3-9474-1A3956D46DE8}") = "C-Sharp", "C-Sharp", "{7097FB6A-306D-4A4A-986D-576B61B0CC8F}"
EndProject
Project("{9A19103F-16F7-4668-BE54-9A1E7A4F7556}") = "detect-faces", "19-face\C-Sharp\computer-vision\detect-faces.csproj", "{7BDF627E-1478-476B-8ADE-3DD251401924}"
EndProject
Project("{9A19103F-16F7-4668-BE54-9A1E7A4F7556}") = "analyze-faces", "19-face\C-Sharp\face-api\analyze-faces.csproj", "{1C2B1624-5335-4540-8236-B888581FE649}"
EndProject
Project("{2150E333-8FDC-42A3-9474-1A3956D46DE8}") = "20-ocr", "20-ocr", "{149B154A-6D0E-46FE-90B3-151962CED865}"
EndProject
Project("{2150E333-8FDC-42A3-9474-1A3956D46DE8}") = "C-Sharp", "C-Sharp", "{154B55F7-6C41-42A7-B7D9-288717F85786}"
EndProject
Project("{9A19103F-16F7-4668-BE54-9A1E7A4F7556}") = "read-text", "20-ocr\C-Sharp\read-text\read-text.csproj", "{6A68914F-2B0E-440D-8006-932EAB7A3DF9}"
EndProject
Project("{2150E333-8FDC-42A3-9474-1A3956D46DE8}") = "21-custom-form", "21-custom-form", "{49AF86F1-DDAA-43D1-8F5B-0B9891B5A3DF}"
EndProject
Project("{2150E333-8FDC-42A3-9474-1A3956D46DE8}") = "C-Sharp", "C-Sharp", "{26A2D4F2-5526-4528-8FD3-821C1D45F564}"
EndProject
Project("{9A19103F-16F7-4668-BE54-9A1E7A4F7556}") = "test-model", "21-custom-form\C-Sharp\test-model\test-model.csproj", "{FEDE4BEA-7370-44CD-BDDE-C96CAD567E0A}"
EndProject
Project("{9A19103F-16F7-4668-BE54-9A1E7A4F7556}") = "train-model", "21-custom-form\C-Sharp\train-model\train-model.csproj", "{0D902357-5A86-40E5-8B3F-8138115840AE}"
EndProject
Project("{2150E333-8FDC-42A3-9474-1A3956D46DE8}") = "22-Create-a-search-solution", "22-Create-a-search-solution", "{0DC9DC6E-6EE3-4779-B547-C65DD308B1C4}"
EndProject
Project("{2150E333-8FDC-42A3-9474-1A3956D46DE8}") = "C-Sharp", "C-Sharp", "{C4FD0291-B66B-49C0-A90D-E746F5A90E88}"
EndProject
Project("{9A19103F-16F7-4668-BE54-9A1E7A4F7556}") = "search-client", "22-Create-a-search-solution\C-Sharp\margies-travel\search-client.csproj", "{740EE75B-A5B9-40F9-8B08-C66D9FB19AED}"
EndProject
Global
	GlobalSection(SolutionConfigurationPlatforms) = preSolution
		Debug|Any CPU = Debug|Any CPU
		Release|Any CPU = Release|Any CPU
	EndGlobalSection
	GlobalSection(ProjectConfigurationPlatforms) = postSolution
		{0F49A31F-D931-41FB-AD5F-4DD2A3ED0F5E}.Debug|Any CPU.ActiveCfg = Debug|Any CPU
		{0F49A31F-D931-41FB-AD5F-4DD2A3ED0F5E}.Debug|Any CPU.Build.0 = Debug|Any CPU
		{0F49A31F-D931-41FB-AD5F-4DD2A3ED0F5E}.Release|Any CPU.ActiveCfg = Release|Any CPU
		{0F49A31F-D931-41FB-AD5F-4DD2A3ED0F5E}.Release|Any CPU.Build.0 = Release|Any CPU
		{BDC7CA21-3252-4723-8398-25D1245548CF}.Debug|Any CPU.ActiveCfg = Debug|Any CPU
		{BDC7CA21-3252-4723-8398-25D1245548CF}.Debug|Any CPU.Build.0 = Debug|Any CPU
		{BDC7CA21-3252-4723-8398-25D1245548CF}.Release|Any CPU.ActiveCfg = Release|Any CPU
		{BDC7CA21-3252-4723-8398-25D1245548CF}.Release|Any CPU.Build.0 = Release|Any CPU
		{BA27BF7E-ACD5-4EB7-A76D-78CD2E1D253B}.Debug|Any CPU.ActiveCfg = Debug|Any CPU
		{BA27BF7E-ACD5-4EB7-A76D-78CD2E1D253B}.Debug|Any CPU.Build.0 = Debug|Any CPU
		{BA27BF7E-ACD5-4EB7-A76D-78CD2E1D253B}.Release|Any CPU.ActiveCfg = Release|Any CPU
		{BA27BF7E-ACD5-4EB7-A76D-78CD2E1D253B}.Release|Any CPU.Build.0 = Release|Any CPU
		{175616FD-EDDB-4218-8851-9DF81D4F36C4}.Debug|Any CPU.ActiveCfg = Debug|Any CPU
		{175616FD-EDDB-4218-8851-9DF81D4F36C4}.Debug|Any CPU.Build.0 = Debug|Any CPU
		{175616FD-EDDB-4218-8851-9DF81D4F36C4}.Release|Any CPU.ActiveCfg = Release|Any CPU
		{175616FD-EDDB-4218-8851-9DF81D4F36C4}.Release|Any CPU.Build.0 = Release|Any CPU
		{BAB3E506-2290-407B-82AA-CB44EDA37A70}.Debug|Any CPU.ActiveCfg = Debug|Any CPU
		{BAB3E506-2290-407B-82AA-CB44EDA37A70}.Debug|Any CPU.Build.0 = Debug|Any CPU
		{BAB3E506-2290-407B-82AA-CB44EDA37A70}.Release|Any CPU.ActiveCfg = Release|Any CPU
		{BAB3E506-2290-407B-82AA-CB44EDA37A70}.Release|Any CPU.Build.0 = Release|Any CPU
		{4283D763-3133-44E4-8A0C-9B033BE1DF84}.Debug|Any CPU.ActiveCfg = Debug|Any CPU
		{4283D763-3133-44E4-8A0C-9B033BE1DF84}.Debug|Any CPU.Build.0 = Debug|Any CPU
		{4283D763-3133-44E4-8A0C-9B033BE1DF84}.Release|Any CPU.ActiveCfg = Release|Any CPU
		{4283D763-3133-44E4-8A0C-9B033BE1DF84}.Release|Any CPU.Build.0 = Release|Any CPU
		{B0A4B3CD-2893-49C9-89E3-6C34F9A297A1}.Debug|Any CPU.ActiveCfg = Debug|Any CPU
		{B0A4B3CD-2893-49C9-89E3-6C34F9A297A1}.Debug|Any CPU.Build.0 = Debug|Any CPU
		{B0A4B3CD-2893-49C9-89E3-6C34F9A297A1}.Release|Any CPU.ActiveCfg = Release|Any CPU
		{B0A4B3CD-2893-49C9-89E3-6C34F9A297A1}.Release|Any CPU.Build.0 = Release|Any CPU
		{1819500E-DD52-4E02-8065-C38B557F95F9}.Debug|Any CPU.ActiveCfg = Debug|Any CPU
		{1819500E-DD52-4E02-8065-C38B557F95F9}.Debug|Any CPU.Build.0 = Debug|Any CPU
		{1819500E-DD52-4E02-8065-C38B557F95F9}.Release|Any CPU.ActiveCfg = Release|Any CPU
		{1819500E-DD52-4E02-8065-C38B557F95F9}.Release|Any CPU.Build.0 = Release|Any CPU
		{79A0AB0B-FF0F-4685-BB71-B0A05DE4F9B2}.Debug|Any CPU.ActiveCfg = Debug|Any CPU
		{79A0AB0B-FF0F-4685-BB71-B0A05DE4F9B2}.Debug|Any CPU.Build.0 = Debug|Any CPU
		{79A0AB0B-FF0F-4685-BB71-B0A05DE4F9B2}.Release|Any CPU.ActiveCfg = Release|Any CPU
		{79A0AB0B-FF0F-4685-BB71-B0A05DE4F9B2}.Release|Any CPU.Build.0 = Release|Any CPU
		{2C2D3412-98CF-426C-A4B2-14BE35EE9399}.Debug|Any CPU.ActiveCfg = Debug|Any CPU
		{2C2D3412-98CF-426C-A4B2-14BE35EE9399}.Debug|Any CPU.Build.0 = Debug|Any CPU
		{2C2D3412-98CF-426C-A4B2-14BE35EE9399}.Release|Any CPU.ActiveCfg = Release|Any CPU
		{2C2D3412-98CF-426C-A4B2-14BE35EE9399}.Release|Any CPU.Build.0 = Release|Any CPU
		{E173E1A3-9145-4946-8AF5-A22D9C453A0D}.Debug|Any CPU.ActiveCfg = Debug|Any CPU
		{E173E1A3-9145-4946-8AF5-A22D9C453A0D}.Debug|Any CPU.Build.0 = Debug|Any CPU
		{E173E1A3-9145-4946-8AF5-A22D9C453A0D}.Release|Any CPU.ActiveCfg = Release|Any CPU
		{E173E1A3-9145-4946-8AF5-A22D9C453A0D}.Release|Any CPU.Build.0 = Release|Any CPU
		{3A518B1F-D231-4159-80CB-F99845D31D4A}.Debug|Any CPU.ActiveCfg = Debug|Any CPU
		{3A518B1F-D231-4159-80CB-F99845D31D4A}.Debug|Any CPU.Build.0 = Debug|Any CPU
		{3A518B1F-D231-4159-80CB-F99845D31D4A}.Release|Any CPU.ActiveCfg = Release|Any CPU
		{3A518B1F-D231-4159-80CB-F99845D31D4A}.Release|Any CPU.Build.0 = Release|Any CPU
		{E829E531-968F-4EE9-8C30-E1D96A74BBA6}.Debug|Any CPU.ActiveCfg = Debug|Any CPU
		{E829E531-968F-4EE9-8C30-E1D96A74BBA6}.Debug|Any CPU.Build.0 = Debug|Any CPU
		{E829E531-968F-4EE9-8C30-E1D96A74BBA6}.Release|Any CPU.ActiveCfg = Release|Any CPU
		{E829E531-968F-4EE9-8C30-E1D96A74BBA6}.Release|Any CPU.Build.0 = Release|Any CPU
		{ECAE71EE-4DAB-4182-9EE2-42A58A800403}.Debug|Any CPU.ActiveCfg = Debug|Any CPU
		{ECAE71EE-4DAB-4182-9EE2-42A58A800403}.Debug|Any CPU.Build.0 = Debug|Any CPU
		{ECAE71EE-4DAB-4182-9EE2-42A58A800403}.Release|Any CPU.ActiveCfg = Release|Any CPU
		{ECAE71EE-4DAB-4182-9EE2-42A58A800403}.Release|Any CPU.Build.0 = Release|Any CPU
		{7BDF627E-1478-476B-8ADE-3DD251401924}.Debug|Any CPU.ActiveCfg = Debug|Any CPU
		{7BDF627E-1478-476B-8ADE-3DD251401924}.Debug|Any CPU.Build.0 = Debug|Any CPU
		{7BDF627E-1478-476B-8ADE-3DD251401924}.Release|Any CPU.ActiveCfg = Release|Any CPU
		{7BDF627E-1478-476B-8ADE-3DD251401924}.Release|Any CPU.Build.0 = Release|Any CPU
		{1C2B1624-5335-4540-8236-B888581FE649}.Debug|Any CPU.ActiveCfg = Debug|Any CPU
		{1C2B1624-5335-4540-8236-B888581FE649}.Debug|Any CPU.Build.0 = Debug|Any CPU
		{1C2B1624-5335-4540-8236-B888581FE649}.Release|Any CPU.ActiveCfg = Release|Any CPU
		{1C2B1624-5335-4540-8236-B888581FE649}.Release|Any CPU.Build.0 = Release|Any CPU
		{6A68914F-2B0E-440D-8006-932EAB7A3DF9}.Debug|Any CPU.ActiveCfg = Debug|Any CPU
		{6A68914F-2B0E-440D-8006-932EAB7A3DF9}.Debug|Any CPU.Build.0 = Debug|Any CPU
		{6A68914F-2B0E-440D-8006-932EAB7A3DF9}.Release|Any CPU.ActiveCfg = Release|Any CPU
		{6A68914F-2B0E-440D-8006-932EAB7A3DF9}.Release|Any CPU.Build.0 = Release|Any CPU
		{FEDE4BEA-7370-44CD-BDDE-C96CAD567E0A}.Debug|Any CPU.ActiveCfg = Debug|Any CPU
		{FEDE4BEA-7370-44CD-BDDE-C96CAD567E0A}.Debug|Any CPU.Build.0 = Debug|Any CPU
		{FEDE4BEA-7370-44CD-BDDE-C96CAD567E0A}.Release|Any CPU.ActiveCfg = Release|Any CPU
		{FEDE4BEA-7370-44CD-BDDE-C96CAD567E0A}.Release|Any CPU.Build.0 = Release|Any CPU
		{0D902357-5A86-40E5-8B3F-8138115840AE}.Debug|Any CPU.ActiveCfg = Debug|Any CPU
		{0D902357-5A86-40E5-8B3F-8138115840AE}.Debug|Any CPU.Build.0 = Debug|Any CPU
		{0D902357-5A86-40E5-8B3F-8138115840AE}.Release|Any CPU.ActiveCfg = Release|Any CPU
		{0D902357-5A86-40E5-8B3F-8138115840AE}.Release|Any CPU.Build.0 = Release|Any CPU
		{740EE75B-A5B9-40F9-8B08-C66D9FB19AED}.Debug|Any CPU.ActiveCfg = Debug|Any CPU
		{740EE75B-A5B9-40F9-8B08-C66D9FB19AED}.Debug|Any CPU.Build.0 = Debug|Any CPU
		{740EE75B-A5B9-40F9-8B08-C66D9FB19AED}.Release|Any CPU.ActiveCfg = Release|Any CPU
		{740EE75B-A5B9-40F9-8B08-C66D9FB19AED}.Release|Any CPU.Build.0 = Release|Any CPU
	EndGlobalSection
	GlobalSection(SolutionProperties) = preSolution
		HideSolutionNode = FALSE
	EndGlobalSection
	GlobalSection(NestedProjects) = preSolution
		{4B41A842-8DC4-4F52-98B4-6240CBEC9500} = {69D38397-F063-4EAA-92A4-91259CE72C8A}
		{0F49A31F-D931-41FB-AD5F-4DD2A3ED0F5E} = {4B41A842-8DC4-4F52-98B4-6240CBEC9500}
		{BDC7CA21-3252-4723-8398-25D1245548CF} = {4B41A842-8DC4-4F52-98B4-6240CBEC9500}
		{98C0C44F-D575-4888-82D4-A705F1757D36} = {2D57486F-E5FA-48BF-A028-313E5B07EC7D}
		{BA27BF7E-ACD5-4EB7-A76D-78CD2E1D253B} = {98C0C44F-D575-4888-82D4-A705F1757D36}
		{282CDE6B-BC55-483F-81C6-4A11B326D04F} = {D42D691C-689F-4F28-8F92-32A99DD77AC7}
		{175616FD-EDDB-4218-8851-9DF81D4F36C4} = {282CDE6B-BC55-483F-81C6-4A11B326D04F}
		{917AFC98-A318-4A89-A3C1-C4FA1CAC7F68} = {E7A245E8-5790-4C52-992F-814698A49826}
		{BAB3E506-2290-407B-82AA-CB44EDA37A70} = {917AFC98-A318-4A89-A3C1-C4FA1CAC7F68}
		{ACE8A2F3-9403-4748-94C1-468616C49DAD} = {B14B729B-1887-4E74-BB8C-2CD35F2D578F}
		{4283D763-3133-44E4-8A0C-9B033BE1DF84} = {ACE8A2F3-9403-4748-94C1-468616C49DAD}
		{1BDE7CF5-0361-46DD-9DC4-E482AA4A7D0E} = {536438BC-7A8C-4993-A6B6-0C406CE95942}
		{B0A4B3CD-2893-49C9-89E3-6C34F9A297A1} = {1BDE7CF5-0361-46DD-9DC4-E482AA4A7D0E}
		{51FC7AD1-C907-48EA-9233-7CEDAFF406D8} = {4BADF09C-1572-4808-BF25-6B466EB6AE9D}
		{1819500E-DD52-4E02-8065-C38B557F95F9} = {51FC7AD1-C907-48EA-9233-7CEDAFF406D8}
		{0E7B7E28-D285-40BD-AE86-B87DC5CEA92A} = {9BD3D991-ABFE-4A5F-BFFB-A92ED97747D8}
		{79A0AB0B-FF0F-4685-BB71-B0A05DE4F9B2} = {0E7B7E28-D285-40BD-AE86-B87DC5CEA92A}
		{4634D1AE-3FE6-453C-9F8A-540A766FCDC9} = {8A5B2D85-6BF8-4066-9711-DBBA63D5C5F5}
		{2C2D3412-98CF-426C-A4B2-14BE35EE9399} = {4634D1AE-3FE6-453C-9F8A-540A766FCDC9}
		{82AECD4A-C363-4EEB-B5A6-F52F14DB6BA2} = {FB1CF217-070B-4053-866A-538B6516A572}
		{E173E1A3-9145-4946-8AF5-A22D9C453A0D} = {82AECD4A-C363-4EEB-B5A6-F52F14DB6BA2}
		{3A518B1F-D231-4159-80CB-F99845D31D4A} = {82AECD4A-C363-4EEB-B5A6-F52F14DB6BA2}
		{F88CC610-8332-4336-B1BC-C3FF0E20C198} = {FCC88711-314F-4368-867F-9D5001E059B5}
		{E829E531-968F-4EE9-8C30-E1D96A74BBA6} = {F88CC610-8332-4336-B1BC-C3FF0E20C198}
		{ECAE71EE-4DAB-4182-9EE2-42A58A800403} = {F88CC610-8332-4336-B1BC-C3FF0E20C198}
		{7097FB6A-306D-4A4A-986D-576B61B0CC8F} = {1A689982-44DC-4CBE-861D-01E3DE08B20E}
		{7BDF627E-1478-476B-8ADE-3DD251401924} = {7097FB6A-306D-4A4A-986D-576B61B0CC8F}
		{1C2B1624-5335-4540-8236-B888581FE649} = {7097FB6A-306D-4A4A-986D-576B61B0CC8F}
		{154B55F7-6C41-42A7-B7D9-288717F85786} = {149B154A-6D0E-46FE-90B3-151962CED865}
		{6A68914F-2B0E-440D-8006-932EAB7A3DF9} = {154B55F7-6C41-42A7-B7D9-288717F85786}
		{26A2D4F2-5526-4528-8FD3-821C1D45F564} = {49AF86F1-DDAA-43D1-8F5B-0B9891B5A3DF}
		{FEDE4BEA-7370-44CD-BDDE-C96CAD567E0A} = {26A2D4F2-5526-4528-8FD3-821C1D45F564}
		{0D902357-5A86-40E5-8B3F-8138115840AE} = {26A2D4F2-5526-4528-8FD3-821C1D45F564}
		{C4FD0291-B66B-49C0-A90D-E746F5A90E88} = {0DC9DC6E-6EE3-4779-B547-C65DD308B1C4}
		{740EE75B-A5B9-40F9-8B08-C66D9FB19AED} = {C4FD0291-B66B-49C0-A90D-E746F5A90E88}
	EndGlobalSection
	GlobalSection(ExtensibilityGlobals) = postSolution
		SolutionGuid = {698B7F64-2CB1-4300-874C-AC8D93620797}
	EndGlobalSection
EndGlobal
